
Microsoft Visual Studio Solution File, Format Version 12.00
# Visual Studio Version 16
VisualStudioVersion = 16.0.33027.164
MinimumVisualStudioVersion = 10.0.40219.1
Project("{FAE04EC0-301F-11D3-BF4B-00C04F79EFBC}") = "SecureCodeFull", "SecureCodeFull.csproj", "{84701919-AB6D-414A-86FD-47474FE58ECC}"
EndProject
Project("{FAE04EC0-301F-11D3-BF4B-00C04F79EFBC}") = "ClassBBDD", "..\ClassBBDD\ClassBBDD.csproj", "{C538D3FF-B316-4862-B78E-24DEB69E8CA3}"
EndProject
Global
	GlobalSection(SolutionConfigurationPlatforms) = preSolution
		Debug|Any CPU = Debug|Any CPU
		Release|Any CPU = Release|Any CPU
	EndGlobalSection
	GlobalSection(ProjectConfigurationPlatforms) = postSolution
		{84701919-AB6D-414A-86FD-47474FE58ECC}.Debug|Any CPU.ActiveCfg = Debug|Any CPU
		{84701919-AB6D-414A-86FD-47474FE58ECC}.Debug|Any CPU.Build.0 = Debug|Any CPU
		{84701919-AB6D-414A-86FD-47474FE58ECC}.Release|Any CPU.ActiveCfg = Release|Any CPU
		{84701919-AB6D-414A-86FD-47474FE58ECC}.Release|Any CPU.Build.0 = Release|Any CPU
		{C538D3FF-B316-4862-B78E-24DEB69E8CA3}.Debug|Any CPU.ActiveCfg = Debug|Any CPU
		{C538D3FF-B316-4862-B78E-24DEB69E8CA3}.Debug|Any CPU.Build.0 = Debug|Any CPU
		{C538D3FF-B316-4862-B78E-24DEB69E8CA3}.Release|Any CPU.ActiveCfg = Release|Any CPU
		{C538D3FF-B316-4862-B78E-24DEB69E8CA3}.Release|Any CPU.Build.0 = Release|Any CPU
	EndGlobalSection
	GlobalSection(SolutionProperties) = preSolution
		HideSolutionNode = FALSE
	EndGlobalSection
	GlobalSection(ExtensibilityGlobals) = postSolution
		SolutionGuid = {914DE464-371B-4549-98A7-065FE7EB15C6}
	EndGlobalSection
EndGlobal
